
Microsoft Visual Studio Solution File, Format Version 12.00
# Visual Studio 2012
VisualStudioVersion = 12.0.31101.0
MinimumVisualStudioVersion = 10.0.40219.1
Project("{2150E333-8FDC-42A3-9474-1A3956D46DE8}") = "iOS", "iOS", "{901125CC-4B35-4FDA-AFC9-60922FAD8CE1}"
EndProject
Project("{FAE04EC0-301F-11D3-BF4B-00C04F79EFBC}") = "Delaid.iOS.App", "DelaidWatchApp.App\Delaid.iOS.App.csproj", "{35BBD517-1B5B-40E8-82FC-CFE3D3CFBDA6}"
EndProject
Project("{FAE04EC0-301F-11D3-BF4B-00C04F79EFBC}") = "Delaid.iOS.Watch.App", "DelaidWatchApp\DelaidWatchApp.WApp\Delaid.iOS.Watch.App.csproj", "{6CCF0532-0A19-4498-948D-B43981C5B0D6}"
EndProject
Project("{FAE04EC0-301F-11D3-BF4B-00C04F79EFBC}") = "Delaid.iOS.Watch.Extension", "DelaidWatchApp\DelaidWatchApp.WKExtension\Delaid.iOS.Watch.Extension.csproj", "{85853673-7F11-4CD5-82F4-5FD80947EB5B}"
EndProject
Project("{2150E333-8FDC-42A3-9474-1A3956D46DE8}") = "Base", "Base", "{FC4D3C7B-420F-42C9-9EF2-CB9E5A2A8919}"
EndProject
Project("{FAE04EC0-301F-11D3-BF4B-00C04F79EFBC}") = "Delaid.Base", "DelaidBase\Delaid.Base.csproj", "{0FC189A6-3F10-475D-8CB6-65E6C43ABBCE}"
EndProject
Global
	GlobalSection(SolutionConfigurationPlatforms) = preSolution
		Ad-Hoc|iPhone = Ad-Hoc|iPhone
		Ad-Hoc|iPhoneSimulator = Ad-Hoc|iPhoneSimulator
		AppStore|iPhone = AppStore|iPhone
		AppStore|iPhoneSimulator = AppStore|iPhoneSimulator
		Debug|iPhone = Debug|iPhone
		Debug|iPhoneSimulator = Debug|iPhoneSimulator
		Release|iPhone = Release|iPhone
		Release|iPhoneSimulator = Release|iPhoneSimulator
	EndGlobalSection
	GlobalSection(ProjectConfigurationPlatforms) = postSolution
		{0FC189A6-3F10-475D-8CB6-65E6C43ABBCE}.Ad-Hoc|iPhone.ActiveCfg = Release|Any CPU
		{0FC189A6-3F10-475D-8CB6-65E6C43ABBCE}.Ad-Hoc|iPhone.Build.0 = Release|Any CPU
		{0FC189A6-3F10-475D-8CB6-65E6C43ABBCE}.Ad-Hoc|iPhoneSimulator.ActiveCfg = Release|Any CPU
		{0FC189A6-3F10-475D-8CB6-65E6C43ABBCE}.Ad-Hoc|iPhoneSimulator.Build.0 = Release|Any CPU
		{0FC189A6-3F10-475D-8CB6-65E6C43ABBCE}.AppStore|iPhone.ActiveCfg = Release|Any CPU
		{0FC189A6-3F10-475D-8CB6-65E6C43ABBCE}.AppStore|iPhone.Build.0 = Release|Any CPU
		{0FC189A6-3F10-475D-8CB6-65E6C43ABBCE}.AppStore|iPhoneSimulator.ActiveCfg = Release|Any CPU
		{0FC189A6-3F10-475D-8CB6-65E6C43ABBCE}.AppStore|iPhoneSimulator.Build.0 = Release|Any CPU
		{0FC189A6-3F10-475D-8CB6-65E6C43ABBCE}.Debug|iPhone.ActiveCfg = Debug|Any CPU
		{0FC189A6-3F10-475D-8CB6-65E6C43ABBCE}.Debug|iPhone.Build.0 = Debug|Any CPU
		{0FC189A6-3F10-475D-8CB6-65E6C43ABBCE}.Debug|iPhoneSimulator.ActiveCfg = Debug|Any CPU
		{0FC189A6-3F10-475D-8CB6-65E6C43ABBCE}.Debug|iPhoneSimulator.Build.0 = Debug|Any CPU
		{0FC189A6-3F10-475D-8CB6-65E6C43ABBCE}.Release|iPhone.ActiveCfg = Release|Any CPU
		{0FC189A6-3F10-475D-8CB6-65E6C43ABBCE}.Release|iPhone.Build.0 = Release|Any CPU
		{0FC189A6-3F10-475D-8CB6-65E6C43ABBCE}.Release|iPhoneSimulator.ActiveCfg = Release|Any CPU
		{0FC189A6-3F10-475D-8CB6-65E6C43ABBCE}.Release|iPhoneSimulator.Build.0 = Release|Any CPU
		{35BBD517-1B5B-40E8-82FC-CFE3D3CFBDA6}.Ad-Hoc|iPhone.ActiveCfg = Ad-Hoc|iPhone
		{35BBD517-1B5B-40E8-82FC-CFE3D3CFBDA6}.Ad-Hoc|iPhone.Build.0 = Ad-Hoc|iPhone
		{35BBD517-1B5B-40E8-82FC-CFE3D3CFBDA6}.Ad-Hoc|iPhoneSimulator.ActiveCfg = Ad-Hoc|iPhoneSimulator
		{35BBD517-1B5B-40E8-82FC-CFE3D3CFBDA6}.Ad-Hoc|iPhoneSimulator.Build.0 = Ad-Hoc|iPhoneSimulator
		{35BBD517-1B5B-40E8-82FC-CFE3D3CFBDA6}.AppStore|iPhone.ActiveCfg = AppStore|iPhone
		{35BBD517-1B5B-40E8-82FC-CFE3D3CFBDA6}.AppStore|iPhone.Build.0 = AppStore|iPhone
		{35BBD517-1B5B-40E8-82FC-CFE3D3CFBDA6}.AppStore|iPhoneSimulator.ActiveCfg = AppStore|iPhoneSimulator
		{35BBD517-1B5B-40E8-82FC-CFE3D3CFBDA6}.AppStore|iPhoneSimulator.Build.0 = AppStore|iPhoneSimulator
		{35BBD517-1B5B-40E8-82FC-CFE3D3CFBDA6}.Debug|iPhone.ActiveCfg = Debug|iPhone
		{35BBD517-1B5B-40E8-82FC-CFE3D3CFBDA6}.Debug|iPhone.Build.0 = Debug|iPhone
		{35BBD517-1B5B-40E8-82FC-CFE3D3CFBDA6}.Debug|iPhoneSimulator.ActiveCfg = Debug|iPhoneSimulator
		{35BBD517-1B5B-40E8-82FC-CFE3D3CFBDA6}.Debug|iPhoneSimulator.Build.0 = Debug|iPhoneSimulator
		{35BBD517-1B5B-40E8-82FC-CFE3D3CFBDA6}.Release|iPhone.ActiveCfg = Release|iPhone
		{35BBD517-1B5B-40E8-82FC-CFE3D3CFBDA6}.Release|iPhone.Build.0 = Release|iPhone
		{35BBD517-1B5B-40E8-82FC-CFE3D3CFBDA6}.Release|iPhoneSimulator.ActiveCfg = Release|iPhoneSimulator
		{35BBD517-1B5B-40E8-82FC-CFE3D3CFBDA6}.Release|iPhoneSimulator.Build.0 = Release|iPhoneSimulator
		{6CCF0532-0A19-4498-948D-B43981C5B0D6}.Ad-Hoc|iPhone.ActiveCfg = Ad-Hoc|iPhone
		{6CCF0532-0A19-4498-948D-B43981C5B0D6}.Ad-Hoc|iPhone.Build.0 = Ad-Hoc|iPhone
		{6CCF0532-0A19-4498-948D-B43981C5B0D6}.Ad-Hoc|iPhoneSimulator.ActiveCfg = Ad-Hoc|iPhoneSimulator
		{6CCF0532-0A19-4498-948D-B43981C5B0D6}.Ad-Hoc|iPhoneSimulator.Build.0 = Ad-Hoc|iPhoneSimulator
		{6CCF0532-0A19-4498-948D-B43981C5B0D6}.AppStore|iPhone.ActiveCfg = AppStore|iPhone
		{6CCF0532-0A19-4498-948D-B43981C5B0D6}.AppStore|iPhone.Build.0 = AppStore|iPhone
		{6CCF0532-0A19-4498-948D-B43981C5B0D6}.AppStore|iPhoneSimulator.ActiveCfg = AppStore|iPhoneSimulator
		{6CCF0532-0A19-4498-948D-B43981C5B0D6}.AppStore|iPhoneSimulator.Build.0 = AppStore|iPhoneSimulator
		{6CCF0532-0A19-4498-948D-B43981C5B0D6}.Debug|iPhone.ActiveCfg = Debug|iPhone
		{6CCF0532-0A19-4498-948D-B43981C5B0D6}.Debug|iPhone.Build.0 = Debug|iPhone
		{6CCF0532-0A19-4498-948D-B43981C5B0D6}.Debug|iPhoneSimulator.ActiveCfg = Debug|iPhoneSimulator
		{6CCF0532-0A19-4498-948D-B43981C5B0D6}.Debug|iPhoneSimulator.Build.0 = Debug|iPhoneSimulator
		{6CCF0532-0A19-4498-948D-B43981C5B0D6}.Release|iPhone.ActiveCfg = Release|iPhone
		{6CCF0532-0A19-4498-948D-B43981C5B0D6}.Release|iPhone.Build.0 = Release|iPhone
		{6CCF0532-0A19-4498-948D-B43981C5B0D6}.Release|iPhoneSimulator.ActiveCfg = Release|iPhoneSimulator
		{6CCF0532-0A19-4498-948D-B43981C5B0D6}.Release|iPhoneSimulator.Build.0 = Release|iPhoneSimulator
		{85853673-7F11-4CD5-82F4-5FD80947EB5B}.Ad-Hoc|iPhone.ActiveCfg = Ad-Hoc|iPhone
		{85853673-7F11-4CD5-82F4-5FD80947EB5B}.Ad-Hoc|iPhone.Build.0 = Ad-Hoc|iPhone
		{85853673-7F11-4CD5-82F4-5FD80947EB5B}.Ad-Hoc|iPhoneSimulator.ActiveCfg = Ad-Hoc|iPhoneSimulator
		{85853673-7F11-4CD5-82F4-5FD80947EB5B}.Ad-Hoc|iPhoneSimulator.Build.0 = Ad-Hoc|iPhoneSimulator
		{85853673-7F11-4CD5-82F4-5FD80947EB5B}.AppStore|iPhone.ActiveCfg = AppStore|iPhone
		{85853673-7F11-4CD5-82F4-5FD80947EB5B}.AppStore|iPhone.Build.0 = AppStore|iPhone
		{85853673-7F11-4CD5-82F4-5FD80947EB5B}.AppStore|iPhoneSimulator.ActiveCfg = AppStore|iPhoneSimulator
		{85853673-7F11-4CD5-82F4-5FD80947EB5B}.AppStore|iPhoneSimulator.Build.0 = AppStore|iPhoneSimulator
		{85853673-7F11-4CD5-82F4-5FD80947EB5B}.Debug|iPhone.ActiveCfg = Debug|iPhone
		{85853673-7F11-4CD5-82F4-5FD80947EB5B}.Debug|iPhone.Build.0 = Debug|iPhone
		{85853673-7F11-4CD5-82F4-5FD80947EB5B}.Debug|iPhoneSimulator.ActiveCfg = Debug|iPhoneSimulator
		{85853673-7F11-4CD5-82F4-5FD80947EB5B}.Debug|iPhoneSimulator.Build.0 = Debug|iPhoneSimulator
		{85853673-7F11-4CD5-82F4-5FD80947EB5B}.Release|iPhone.ActiveCfg = Release|iPhone
		{85853673-7F11-4CD5-82F4-5FD80947EB5B}.Release|iPhone.Build.0 = Release|iPhone
		{85853673-7F11-4CD5-82F4-5FD80947EB5B}.Release|iPhoneSimulator.ActiveCfg = Release|iPhoneSimulator
		{85853673-7F11-4CD5-82F4-5FD80947EB5B}.Release|iPhoneSimulator.Build.0 = Release|iPhoneSimulator
	EndGlobalSection
	GlobalSection(NestedProjects) = preSolution
		{35BBD517-1B5B-40E8-82FC-CFE3D3CFBDA6} = {901125CC-4B35-4FDA-AFC9-60922FAD8CE1}
		{6CCF0532-0A19-4498-948D-B43981C5B0D6} = {901125CC-4B35-4FDA-AFC9-60922FAD8CE1}
		{85853673-7F11-4CD5-82F4-5FD80947EB5B} = {901125CC-4B35-4FDA-AFC9-60922FAD8CE1}
		{0FC189A6-3F10-475D-8CB6-65E6C43ABBCE} = {FC4D3C7B-420F-42C9-9EF2-CB9E5A2A8919}
	EndGlobalSection
	GlobalSection(SolutionProperties) = preSolution
		HideSolutionNode = FALSE
	EndGlobalSection
EndGlobal
